
Microsoft Visual Studio Solution File, Format Version 12.00
# Visual Studio Version 16
VisualStudioVersion = 16.0.30002.166
MinimumVisualStudioVersion = 10.0.40219.1
Project("{9A19103F-16F7-4668-BE54-9A1E7A4F7556}") = "Iris.IdentityCenter", "src\IrisIdentityCenter\Iris.IdentityCenter\Iris.IdentityCenter.csproj", "{C183BF61-70DC-4537-8B76-C4546215CB88}"
EndProject
Project("{9A19103F-16F7-4668-BE54-9A1E7A4F7556}") = "Iris.Identity", "src\IrisIdentityCenter\Iris.Inentity\Iris.Identity.csproj", "{9E078648-20CE-49EC-8468-D233E8BB5756}"
EndProject
Project("{9A19103F-16F7-4668-BE54-9A1E7A4F7556}") = "Iris.FrameCore", "src\Iris.FrameCore\Iris.FrameCore.csproj", "{5A850004-851F-4A72-8B26-3EB619F4562F}"
EndProject
Project("{9A19103F-16F7-4668-BE54-9A1E7A4F7556}") = "Iris.Models", "src\Iris.Model\Iris.Models.csproj", "{815AA460-5B8C-4D88-9CF5-AC7D6F5E2E9E}"
EndProject
Global
	GlobalSection(SolutionConfigurationPlatforms) = preSolution
		Debug|Any CPU = Debug|Any CPU
		Release|Any CPU = Release|Any CPU
	EndGlobalSection
	GlobalSection(ProjectConfigurationPlatforms) = postSolution
		{C183BF61-70DC-4537-8B76-C4546215CB88}.Debug|Any CPU.ActiveCfg = Debug|Any CPU
		{C183BF61-70DC-4537-8B76-C4546215CB88}.Debug|Any CPU.Build.0 = Debug|Any CPU
		{C183BF61-70DC-4537-8B76-C4546215CB88}.Release|Any CPU.ActiveCfg = Release|Any CPU
		{C183BF61-70DC-4537-8B76-C4546215CB88}.Release|Any CPU.Build.0 = Release|Any CPU
		{9E078648-20CE-49EC-8468-D233E8BB5756}.Debug|Any CPU.ActiveCfg = Debug|Any CPU
		{9E078648-20CE-49EC-8468-D233E8BB5756}.Debug|Any CPU.Build.0 = Debug|Any CPU
		{9E078648-20CE-49EC-8468-D233E8BB5756}.Release|Any CPU.ActiveCfg = Release|Any CPU
		{9E078648-20CE-49EC-8468-D233E8BB5756}.Release|Any CPU.Build.0 = Release|Any CPU
		{5A850004-851F-4A72-8B26-3EB619F4562F}.Debug|Any CPU.ActiveCfg = Debug|Any CPU
		{5A850004-851F-4A72-8B26-3EB619F4562F}.Debug|Any CPU.Build.0 = Debug|Any CPU
		{5A850004-851F-4A72-8B26-3EB619F4562F}.Release|Any CPU.ActiveCfg = Release|Any CPU
		{5A850004-851F-4A72-8B26-3EB619F4562F}.Release|Any CPU.Build.0 = Release|Any CPU
		{815AA460-5B8C-4D88-9CF5-AC7D6F5E2E9E}.Debug|Any CPU.ActiveCfg = Debug|Any CPU
		{815AA460-5B8C-4D88-9CF5-AC7D6F5E2E9E}.Debug|Any CPU.Build.0 = Debug|Any CPU
		{815AA460-5B8C-4D88-9CF5-AC7D6F5E2E9E}.Release|Any CPU.ActiveCfg = Release|Any CPU
		{815AA460-5B8C-4D88-9CF5-AC7D6F5E2E9E}.Release|Any CPU.Build.0 = Release|Any CPU
	EndGlobalSection
	GlobalSection(SolutionProperties) = preSolution
		HideSolutionNode = FALSE
	EndGlobalSection
	GlobalSection(ExtensibilityGlobals) = postSolution
		SolutionGuid = {441CE6E8-A699-48A7-8120-C1D9407E1022}
	EndGlobalSection
EndGlobal
