
Microsoft Visual Studio Solution File, Format Version 12.00
# Visual Studio 15
VisualStudioVersion = 15.0.28307.572
MinimumVisualStudioVersion = 10.0.40219.1
Project("{9A19103F-16F7-4668-BE54-9A1E7A4F7556}") = "Iris.Infrastructure", "src\Iris.Infrastructure\Iris.Infrastructure.csproj", "{CF9BED88-F366-49EE-9131-93A86D5C09C1}"
EndProject
Project("{9A19103F-16F7-4668-BE54-9A1E7A4F7556}") = "Iris.MongoDB", "src\Iris.MongoDB\Iris.MongoDB.csproj", "{F927A662-0F6C-4FEB-9F87-F0AB2B7AF091}"
EndProject
Project("{9A19103F-16F7-4668-BE54-9A1E7A4F7556}") = "Iris.Models", "src\Iris.Model\Iris.Models.csproj", "{4023164A-3B76-4EF6-8CF0-9E583623EF4C}"
EndProject
Project("{9A19103F-16F7-4668-BE54-9A1E7A4F7556}") = "Iris.FrameCore", "src\Iris.FrameCore\Iris.FrameCore.csproj", "{F9511CEB-1729-46D8-90F5-C6489C0987A6}"
EndProject
Project("{2150E333-8FDC-42A3-9474-1A3956D46DE8}") = "AgentApi", "AgentApi", "{F18854A5-EA63-4FD2-83D0-C08FCF0ABDFA}"
EndProject
Project("{9A19103F-16F7-4668-BE54-9A1E7A4F7556}") = "Iris.Service", "src\IrisAgentApi\Iris.Service\Iris.Service.csproj", "{9A4403BA-B1CE-4B7F-B42A-C1796DC19985}"
EndProject
Project("{9A19103F-16F7-4668-BE54-9A1E7A4F7556}") = "Iris.AgentApi", "src\IrisAgentApi\Iris.AgentApi\Iris.AgentApi.csproj", "{FF454334-DA90-499F-8235-0B103BA12F86}"
EndProject
Project("{2150E333-8FDC-42A3-9474-1A3956D46DE8}") = "Gateway", "Gateway", "{65457B6F-2011-4748-898D-223B94BB4369}"
EndProject
Project("{9A19103F-16F7-4668-BE54-9A1E7A4F7556}") = "Iris.Ocelot", "src\IrisGateway\Iris.Ocelot\Iris.Ocelot.csproj", "{6DBEF16B-872A-4F21-84E2-43E60266E5F8}"
EndProject
Project("{9A19103F-16F7-4668-BE54-9A1E7A4F7556}") = "Iris.Gateway", "src\IrisGateway\Iris.Gateway\Iris.Gateway.csproj", "{275A0B6F-19E2-49F2-892D-6CB451DE7BBA}"
EndProject
Project("{2150E333-8FDC-42A3-9474-1A3956D46DE8}") = "IdCenter", "IdCenter", "{A2D9D03D-2FA0-4CE4-AEC6-F6CDCEF86332}"
EndProject
Project("{9A19103F-16F7-4668-BE54-9A1E7A4F7556}") = "Iris.Identity", "src\IrisIdentityCenter\Iris.Inentity\Iris.Identity.csproj", "{A99A45DC-F493-422B-A391-823CDA26CBC1}"
EndProject
Project("{9A19103F-16F7-4668-BE54-9A1E7A4F7556}") = "Iris.IdentityCenter", "src\IrisIdentityCenter\Iris.IdentityCenter\Iris.IdentityCenter.csproj", "{DDDC9C5D-5017-443D-A88D-3F93BF6FF970}"
EndProject
Project("{2150E333-8FDC-42A3-9474-1A3956D46DE8}") = "UserApi", "UserApi", "{DA5020E9-8A99-4A10-93DB-3BA365F3713A}"
EndProject
Project("{9A19103F-16F7-4668-BE54-9A1E7A4F7556}") = "Iris.UserApi", "src\IrisUserApi\Iris.UserApi\Iris.UserApi.csproj", "{90D190CD-0421-4D65-B8B1-966E2FA375B4}"
EndProject
Project("{9A19103F-16F7-4668-BE54-9A1E7A4F7556}") = "Iris.Service", "src\IrisUserApi\Iris.Service\Iris.Service.csproj", "{D8564B17-DE40-4AD2-838A-FA5A06B045AC}"
EndProject
Project("{2150E333-8FDC-42A3-9474-1A3956D46DE8}") = "ContactApi", "ContactApi", "{D4367CBE-091D-4851-9748-40D432394CA3}"
EndProject
Project("{9A19103F-16F7-4668-BE54-9A1E7A4F7556}") = "Iris.ContactApi", "src\IirsContactApi\Iris.ContactApi\Iris.ContactApi.csproj", "{25335E98-96DA-40DC-91C5-4CE7107A00E5}"
EndProject
Project("{9A19103F-16F7-4668-BE54-9A1E7A4F7556}") = "Iris.Service", "src\IirsContactApi\Iris.Servie\Iris.Service.csproj", "{12FEA928-6055-4D7E-8D5A-B297B321CD56}"
EndProject
Project("{2150E333-8FDC-42A3-9474-1A3956D46DE8}") = "ProjectApi", "ProjectApi", "{15947A83-4C6A-4E79-92F2-F4FC0437BFE5}"
EndProject
Project("{9A19103F-16F7-4668-BE54-9A1E7A4F7556}") = "Iris.ProjectApi", "src\IrisProjectApi\Iris.ProjectApi\Iris.ProjectApi.csproj", "{6CB02BB8-9F00-4E26-8234-217B4AB9A7CE}"
EndProject
Project("{9A19103F-16F7-4668-BE54-9A1E7A4F7556}") = "Iris.Service", "src\IrisProjectApi\ClassLibrary1\Iris.Service.csproj", "{1534E855-6788-44BC-A00F-DCE9C77B68CB}"
EndProject
Project("{2150E333-8FDC-42A3-9474-1A3956D46DE8}") = "IrisTest", "IrisTest", "{DF4A9497-B846-42AF-B19D-6DB8F884DF16}"
EndProject
Project("{9A19103F-16F7-4668-BE54-9A1E7A4F7556}") = "TestApi", "src\IrisTest\TestApi\TestApi.csproj", "{D187D212-A9A3-4FD3-969B-37A742FCE355}"
EndProject
Project("{9A19103F-16F7-4668-BE54-9A1E7A4F7556}") = "WebApplication1", "src\IrisTest\WebApplication1\WebApplication1.csproj", "{03475FC2-9255-46FF-8BAB-71C2AF56C05F}"
EndProject
Project("{9A19103F-16F7-4668-BE54-9A1E7A4F7556}") = "ConsoleApp1", "src\IrisTest\ConsoleApp1\ConsoleApp1.csproj", "{DB021FF0-9721-4305-AF08-0C5E3BC85501}"
EndProject
Project("{FAE04EC0-301F-11D3-BF4B-00C04F79EFBC}") = "Kafka.Logs", "src\IrisTest\Kafka.Logs\Kafka.Logs.csproj", "{63891C31-F7FB-40FA-A9D4-102355FC7394}"
EndProject
Project("{2150E333-8FDC-42A3-9474-1A3956D46DE8}") = "Solution Items", "Solution Items", "{B42899CB-D74C-45B2-B0CD-A064B286CEE7}"
	ProjectSection(SolutionItems) = preProject
		TextFile1.txt = TextFile1.txt
	EndProjectSection
EndProject
Global
	GlobalSection(SolutionConfigurationPlatforms) = preSolution
		Debug|Any CPU = Debug|Any CPU
		Release|Any CPU = Release|Any CPU
	EndGlobalSection
	GlobalSection(ProjectConfigurationPlatforms) = postSolution
		{CF9BED88-F366-49EE-9131-93A86D5C09C1}.Debug|Any CPU.ActiveCfg = Debug|Any CPU
		{CF9BED88-F366-49EE-9131-93A86D5C09C1}.Debug|Any CPU.Build.0 = Debug|Any CPU
		{CF9BED88-F366-49EE-9131-93A86D5C09C1}.Release|Any CPU.ActiveCfg = Release|Any CPU
		{CF9BED88-F366-49EE-9131-93A86D5C09C1}.Release|Any CPU.Build.0 = Release|Any CPU
		{F927A662-0F6C-4FEB-9F87-F0AB2B7AF091}.Debug|Any CPU.ActiveCfg = Debug|Any CPU
		{F927A662-0F6C-4FEB-9F87-F0AB2B7AF091}.Debug|Any CPU.Build.0 = Debug|Any CPU
		{F927A662-0F6C-4FEB-9F87-F0AB2B7AF091}.Release|Any CPU.ActiveCfg = Release|Any CPU
		{F927A662-0F6C-4FEB-9F87-F0AB2B7AF091}.Release|Any CPU.Build.0 = Release|Any CPU
		{4023164A-3B76-4EF6-8CF0-9E583623EF4C}.Debug|Any CPU.ActiveCfg = Debug|Any CPU
		{4023164A-3B76-4EF6-8CF0-9E583623EF4C}.Debug|Any CPU.Build.0 = Debug|Any CPU
		{4023164A-3B76-4EF6-8CF0-9E583623EF4C}.Release|Any CPU.ActiveCfg = Release|Any CPU
		{4023164A-3B76-4EF6-8CF0-9E583623EF4C}.Release|Any CPU.Build.0 = Release|Any CPU
		{F9511CEB-1729-46D8-90F5-C6489C0987A6}.Debug|Any CPU.ActiveCfg = Debug|Any CPU
		{F9511CEB-1729-46D8-90F5-C6489C0987A6}.Debug|Any CPU.Build.0 = Debug|Any CPU
		{F9511CEB-1729-46D8-90F5-C6489C0987A6}.Release|Any CPU.ActiveCfg = Release|Any CPU
		{F9511CEB-1729-46D8-90F5-C6489C0987A6}.Release|Any CPU.Build.0 = Release|Any CPU
		{9A4403BA-B1CE-4B7F-B42A-C1796DC19985}.Debug|Any CPU.ActiveCfg = Debug|Any CPU
		{9A4403BA-B1CE-4B7F-B42A-C1796DC19985}.Debug|Any CPU.Build.0 = Debug|Any CPU
		{9A4403BA-B1CE-4B7F-B42A-C1796DC19985}.Release|Any CPU.ActiveCfg = Release|Any CPU
		{9A4403BA-B1CE-4B7F-B42A-C1796DC19985}.Release|Any CPU.Build.0 = Release|Any CPU
		{FF454334-DA90-499F-8235-0B103BA12F86}.Debug|Any CPU.ActiveCfg = Debug|Any CPU
		{FF454334-DA90-499F-8235-0B103BA12F86}.Debug|Any CPU.Build.0 = Debug|Any CPU
		{FF454334-DA90-499F-8235-0B103BA12F86}.Release|Any CPU.ActiveCfg = Release|Any CPU
		{FF454334-DA90-499F-8235-0B103BA12F86}.Release|Any CPU.Build.0 = Release|Any CPU
		{6DBEF16B-872A-4F21-84E2-43E60266E5F8}.Debug|Any CPU.ActiveCfg = Debug|Any CPU
		{6DBEF16B-872A-4F21-84E2-43E60266E5F8}.Debug|Any CPU.Build.0 = Debug|Any CPU
		{6DBEF16B-872A-4F21-84E2-43E60266E5F8}.Release|Any CPU.ActiveCfg = Release|Any CPU
		{6DBEF16B-872A-4F21-84E2-43E60266E5F8}.Release|Any CPU.Build.0 = Release|Any CPU
		{275A0B6F-19E2-49F2-892D-6CB451DE7BBA}.Debug|Any CPU.ActiveCfg = Debug|Any CPU
		{275A0B6F-19E2-49F2-892D-6CB451DE7BBA}.Debug|Any CPU.Build.0 = Debug|Any CPU
		{275A0B6F-19E2-49F2-892D-6CB451DE7BBA}.Release|Any CPU.ActiveCfg = Release|Any CPU
		{275A0B6F-19E2-49F2-892D-6CB451DE7BBA}.Release|Any CPU.Build.0 = Release|Any CPU
		{A99A45DC-F493-422B-A391-823CDA26CBC1}.Debug|Any CPU.ActiveCfg = Debug|Any CPU
		{A99A45DC-F493-422B-A391-823CDA26CBC1}.Debug|Any CPU.Build.0 = Debug|Any CPU
		{A99A45DC-F493-422B-A391-823CDA26CBC1}.Release|Any CPU.ActiveCfg = Release|Any CPU
		{A99A45DC-F493-422B-A391-823CDA26CBC1}.Release|Any CPU.Build.0 = Release|Any CPU
		{DDDC9C5D-5017-443D-A88D-3F93BF6FF970}.Debug|Any CPU.ActiveCfg = Debug|Any CPU
		{DDDC9C5D-5017-443D-A88D-3F93BF6FF970}.Debug|Any CPU.Build.0 = Debug|Any CPU
		{DDDC9C5D-5017-443D-A88D-3F93BF6FF970}.Release|Any CPU.ActiveCfg = Release|Any CPU
		{DDDC9C5D-5017-443D-A88D-3F93BF6FF970}.Release|Any CPU.Build.0 = Release|Any CPU
		{90D190CD-0421-4D65-B8B1-966E2FA375B4}.Debug|Any CPU.ActiveCfg = Debug|Any CPU
		{90D190CD-0421-4D65-B8B1-966E2FA375B4}.Debug|Any CPU.Build.0 = Debug|Any CPU
		{90D190CD-0421-4D65-B8B1-966E2FA375B4}.Release|Any CPU.ActiveCfg = Release|Any CPU
		{90D190CD-0421-4D65-B8B1-966E2FA375B4}.Release|Any CPU.Build.0 = Release|Any CPU
		{D8564B17-DE40-4AD2-838A-FA5A06B045AC}.Debug|Any CPU.ActiveCfg = Debug|Any CPU
		{D8564B17-DE40-4AD2-838A-FA5A06B045AC}.Debug|Any CPU.Build.0 = Debug|Any CPU
		{D8564B17-DE40-4AD2-838A-FA5A06B045AC}.Release|Any CPU.ActiveCfg = Release|Any CPU
		{D8564B17-DE40-4AD2-838A-FA5A06B045AC}.Release|Any CPU.Build.0 = Release|Any CPU
		{25335E98-96DA-40DC-91C5-4CE7107A00E5}.Debug|Any CPU.ActiveCfg = Debug|Any CPU
		{25335E98-96DA-40DC-91C5-4CE7107A00E5}.Debug|Any CPU.Build.0 = Debug|Any CPU
		{25335E98-96DA-40DC-91C5-4CE7107A00E5}.Release|Any CPU.ActiveCfg = Release|Any CPU
		{25335E98-96DA-40DC-91C5-4CE7107A00E5}.Release|Any CPU.Build.0 = Release|Any CPU
		{12FEA928-6055-4D7E-8D5A-B297B321CD56}.Debug|Any CPU.ActiveCfg = Debug|Any CPU
		{12FEA928-6055-4D7E-8D5A-B297B321CD56}.Debug|Any CPU.Build.0 = Debug|Any CPU
		{12FEA928-6055-4D7E-8D5A-B297B321CD56}.Release|Any CPU.ActiveCfg = Release|Any CPU
		{12FEA928-6055-4D7E-8D5A-B297B321CD56}.Release|Any CPU.Build.0 = Release|Any CPU
		{6CB02BB8-9F00-4E26-8234-217B4AB9A7CE}.Debug|Any CPU.ActiveCfg = Debug|Any CPU
		{6CB02BB8-9F00-4E26-8234-217B4AB9A7CE}.Debug|Any CPU.Build.0 = Debug|Any CPU
		{6CB02BB8-9F00-4E26-8234-217B4AB9A7CE}.Release|Any CPU.ActiveCfg = Release|Any CPU
		{6CB02BB8-9F00-4E26-8234-217B4AB9A7CE}.Release|Any CPU.Build.0 = Release|Any CPU
		{1534E855-6788-44BC-A00F-DCE9C77B68CB}.Debug|Any CPU.ActiveCfg = Debug|Any CPU
		{1534E855-6788-44BC-A00F-DCE9C77B68CB}.Debug|Any CPU.Build.0 = Debug|Any CPU
		{1534E855-6788-44BC-A00F-DCE9C77B68CB}.Release|Any CPU.ActiveCfg = Release|Any CPU
		{1534E855-6788-44BC-A00F-DCE9C77B68CB}.Release|Any CPU.Build.0 = Release|Any CPU
		{D187D212-A9A3-4FD3-969B-37A742FCE355}.Debug|Any CPU.ActiveCfg = Debug|Any CPU
		{D187D212-A9A3-4FD3-969B-37A742FCE355}.Debug|Any CPU.Build.0 = Debug|Any CPU
		{D187D212-A9A3-4FD3-969B-37A742FCE355}.Release|Any CPU.ActiveCfg = Release|Any CPU
		{D187D212-A9A3-4FD3-969B-37A742FCE355}.Release|Any CPU.Build.0 = Release|Any CPU
		{03475FC2-9255-46FF-8BAB-71C2AF56C05F}.Debug|Any CPU.ActiveCfg = Debug|Any CPU
		{03475FC2-9255-46FF-8BAB-71C2AF56C05F}.Debug|Any CPU.Build.0 = Debug|Any CPU
		{03475FC2-9255-46FF-8BAB-71C2AF56C05F}.Release|Any CPU.ActiveCfg = Release|Any CPU
		{03475FC2-9255-46FF-8BAB-71C2AF56C05F}.Release|Any CPU.Build.0 = Release|Any CPU
		{DB021FF0-9721-4305-AF08-0C5E3BC85501}.Debug|Any CPU.ActiveCfg = Debug|Any CPU
		{DB021FF0-9721-4305-AF08-0C5E3BC85501}.Debug|Any CPU.Build.0 = Debug|Any CPU
		{DB021FF0-9721-4305-AF08-0C5E3BC85501}.Release|Any CPU.ActiveCfg = Release|Any CPU
		{DB021FF0-9721-4305-AF08-0C5E3BC85501}.Release|Any CPU.Build.0 = Release|Any CPU
		{63891C31-F7FB-40FA-A9D4-102355FC7394}.Debug|Any CPU.ActiveCfg = Debug|Any CPU
		{63891C31-F7FB-40FA-A9D4-102355FC7394}.Debug|Any CPU.Build.0 = Debug|Any CPU
		{63891C31-F7FB-40FA-A9D4-102355FC7394}.Release|Any CPU.ActiveCfg = Release|Any CPU
		{63891C31-F7FB-40FA-A9D4-102355FC7394}.Release|Any CPU.Build.0 = Release|Any CPU
	EndGlobalSection
	GlobalSection(SolutionProperties) = preSolution
		HideSolutionNode = FALSE
	EndGlobalSection
	GlobalSection(NestedProjects) = preSolution
		{9A4403BA-B1CE-4B7F-B42A-C1796DC19985} = {F18854A5-EA63-4FD2-83D0-C08FCF0ABDFA}
		{FF454334-DA90-499F-8235-0B103BA12F86} = {F18854A5-EA63-4FD2-83D0-C08FCF0ABDFA}
		{6DBEF16B-872A-4F21-84E2-43E60266E5F8} = {65457B6F-2011-4748-898D-223B94BB4369}
		{275A0B6F-19E2-49F2-892D-6CB451DE7BBA} = {65457B6F-2011-4748-898D-223B94BB4369}
		{A99A45DC-F493-422B-A391-823CDA26CBC1} = {A2D9D03D-2FA0-4CE4-AEC6-F6CDCEF86332}
		{DDDC9C5D-5017-443D-A88D-3F93BF6FF970} = {A2D9D03D-2FA0-4CE4-AEC6-F6CDCEF86332}
		{90D190CD-0421-4D65-B8B1-966E2FA375B4} = {DA5020E9-8A99-4A10-93DB-3BA365F3713A}
		{D8564B17-DE40-4AD2-838A-FA5A06B045AC} = {DA5020E9-8A99-4A10-93DB-3BA365F3713A}
		{25335E98-96DA-40DC-91C5-4CE7107A00E5} = {D4367CBE-091D-4851-9748-40D432394CA3}
		{12FEA928-6055-4D7E-8D5A-B297B321CD56} = {D4367CBE-091D-4851-9748-40D432394CA3}
		{6CB02BB8-9F00-4E26-8234-217B4AB9A7CE} = {15947A83-4C6A-4E79-92F2-F4FC0437BFE5}
		{1534E855-6788-44BC-A00F-DCE9C77B68CB} = {15947A83-4C6A-4E79-92F2-F4FC0437BFE5}
		{D187D212-A9A3-4FD3-969B-37A742FCE355} = {DF4A9497-B846-42AF-B19D-6DB8F884DF16}
		{03475FC2-9255-46FF-8BAB-71C2AF56C05F} = {DF4A9497-B846-42AF-B19D-6DB8F884DF16}
		{DB021FF0-9721-4305-AF08-0C5E3BC85501} = {DF4A9497-B846-42AF-B19D-6DB8F884DF16}
		{63891C31-F7FB-40FA-A9D4-102355FC7394} = {DF4A9497-B846-42AF-B19D-6DB8F884DF16}
	EndGlobalSection
	GlobalSection(ExtensibilityGlobals) = postSolution
		SolutionGuid = {20F3ABB9-9FF3-45B6-9DC3-A2BDA4E1F369}
	EndGlobalSection
EndGlobal
