
Microsoft Visual Studio Solution File, Format Version 12.00
# Visual Studio Version 16
VisualStudioVersion = 16.0.30002.166
MinimumVisualStudioVersion = 10.0.40219.1
Project("{9A19103F-16F7-4668-BE54-9A1E7A4F7556}") = "Iris.IdentityCenter", "src\IrisIdentityCenter\Iris.IdentityCenter\Iris.IdentityCenter.csproj", "{C183BF61-70DC-4537-8B76-C4546215CB88}"
EndProject
Project("{FAE04EC0-301F-11D3-BF4B-00C04F79EFBC}") = "Iris.TestClient", "src\IrisIdentityCenter\Iris.TestClient\Iris.TestClient.csproj", "{4E8E8CD2-F7E9-43E9-A770-48756A423D10}"
EndProject
Global
	GlobalSection(SolutionConfigurationPlatforms) = preSolution
		Debug|Any CPU = Debug|Any CPU
		Release|Any CPU = Release|Any CPU
	EndGlobalSection
	GlobalSection(ProjectConfigurationPlatforms) = postSolution
		{C183BF61-70DC-4537-8B76-C4546215CB88}.Debug|Any CPU.ActiveCfg = Debug|Any CPU
		{C183BF61-70DC-4537-8B76-C4546215CB88}.Debug|Any CPU.Build.0 = Debug|Any CPU
		{C183BF61-70DC-4537-8B76-C4546215CB88}.Release|Any CPU.ActiveCfg = Release|Any CPU
		{C183BF61-70DC-4537-8B76-C4546215CB88}.Release|Any CPU.Build.0 = Release|Any CPU
		{4E8E8CD2-F7E9-43E9-A770-48756A423D10}.Debug|Any CPU.ActiveCfg = Debug|Any CPU
		{4E8E8CD2-F7E9-43E9-A770-48756A423D10}.Debug|Any CPU.Build.0 = Debug|Any CPU
		{4E8E8CD2-F7E9-43E9-A770-48756A423D10}.Release|Any CPU.ActiveCfg = Release|Any CPU
		{4E8E8CD2-F7E9-43E9-A770-48756A423D10}.Release|Any CPU.Build.0 = Release|Any CPU
	EndGlobalSection
	GlobalSection(SolutionProperties) = preSolution
		HideSolutionNode = FALSE
	EndGlobalSection
	GlobalSection(ExtensibilityGlobals) = postSolution
		SolutionGuid = {441CE6E8-A699-48A7-8120-C1D9407E1022}
	EndGlobalSection
EndGlobal
