
Microsoft Visual Studio Solution File, Format Version 12.00
# Visual Studio Version 16
VisualStudioVersion = 16.0.30002.166
MinimumVisualStudioVersion = 10.0.40219.1
Project("{9A19103F-16F7-4668-BE54-9A1E7A4F7556}") = "Iris.Gateway", "src\IrisGateway\Iris.Gateway\Iris.Gateway.csproj", "{1052D5E7-605C-4BA0-B262-0F298131CF8B}"
EndProject
Project("{9A19103F-16F7-4668-BE54-9A1E7A4F7556}") = "Iris.Ocelot", "src\IrisGateway\Iris.Ocelot\Iris.Ocelot.csproj", "{9F52A864-04B4-4AA9-BEC3-9B8D1CA0B54B}"
EndProject
Project("{9A19103F-16F7-4668-BE54-9A1E7A4F7556}") = "Iris.MongoDB", "src\Iris.MongoDB\Iris.MongoDB.csproj", "{360DD3DF-E54C-4693-8202-0D6BB81C72E4}"
EndProject
Project("{9A19103F-16F7-4668-BE54-9A1E7A4F7556}") = "Iris.Infrastructure", "src\Iris.Infrastructure\Iris.Infrastructure.csproj", "{5ADF4F3E-AF5F-416E-ABED-1FFF97C4337F}"
EndProject
Global
	GlobalSection(SolutionConfigurationPlatforms) = preSolution
		Debug|Any CPU = Debug|Any CPU
		Release|Any CPU = Release|Any CPU
	EndGlobalSection
	GlobalSection(ProjectConfigurationPlatforms) = postSolution
		{1052D5E7-605C-4BA0-B262-0F298131CF8B}.Debug|Any CPU.ActiveCfg = Debug|Any CPU
		{1052D5E7-605C-4BA0-B262-0F298131CF8B}.Debug|Any CPU.Build.0 = Debug|Any CPU
		{1052D5E7-605C-4BA0-B262-0F298131CF8B}.Release|Any CPU.ActiveCfg = Release|Any CPU
		{1052D5E7-605C-4BA0-B262-0F298131CF8B}.Release|Any CPU.Build.0 = Release|Any CPU
		{9F52A864-04B4-4AA9-BEC3-9B8D1CA0B54B}.Debug|Any CPU.ActiveCfg = Debug|Any CPU
		{9F52A864-04B4-4AA9-BEC3-9B8D1CA0B54B}.Debug|Any CPU.Build.0 = Debug|Any CPU
		{9F52A864-04B4-4AA9-BEC3-9B8D1CA0B54B}.Release|Any CPU.ActiveCfg = Release|Any CPU
		{9F52A864-04B4-4AA9-BEC3-9B8D1CA0B54B}.Release|Any CPU.Build.0 = Release|Any CPU
		{360DD3DF-E54C-4693-8202-0D6BB81C72E4}.Debug|Any CPU.ActiveCfg = Debug|Any CPU
		{360DD3DF-E54C-4693-8202-0D6BB81C72E4}.Debug|Any CPU.Build.0 = Debug|Any CPU
		{360DD3DF-E54C-4693-8202-0D6BB81C72E4}.Release|Any CPU.ActiveCfg = Release|Any CPU
		{360DD3DF-E54C-4693-8202-0D6BB81C72E4}.Release|Any CPU.Build.0 = Release|Any CPU
		{5ADF4F3E-AF5F-416E-ABED-1FFF97C4337F}.Debug|Any CPU.ActiveCfg = Debug|Any CPU
		{5ADF4F3E-AF5F-416E-ABED-1FFF97C4337F}.Debug|Any CPU.Build.0 = Debug|Any CPU
		{5ADF4F3E-AF5F-416E-ABED-1FFF97C4337F}.Release|Any CPU.ActiveCfg = Release|Any CPU
		{5ADF4F3E-AF5F-416E-ABED-1FFF97C4337F}.Release|Any CPU.Build.0 = Release|Any CPU
	EndGlobalSection
	GlobalSection(SolutionProperties) = preSolution
		HideSolutionNode = FALSE
	EndGlobalSection
	GlobalSection(ExtensibilityGlobals) = postSolution
		SolutionGuid = {441CE6E8-A699-48A7-8120-C1D9407E1022}
	EndGlobalSection
EndGlobal
